
Microsoft Visual Studio Solution File, Format Version 12.00
# Visual Studio 15
VisualStudioVersion = 15.0.28307.902
MinimumVisualStudioVersion = 10.0.40219.1
Project("{9A19103F-16F7-4668-BE54-9A1E7A4F7556}") = "AuthServer", "AuthServer\AuthServer.csproj", "{69FA7678-05DA-428C-951E-A2526012F81D}"
EndProject
Project("{9A19103F-16F7-4668-BE54-9A1E7A4F7556}") = "WebApp.Resourse", "WebApp.Resourse\WebApp.Resourse.csproj", "{2C20ED6D-C4DB-48BA-9FA4-043027485BCB}"
EndProject
Project("{9A19103F-16F7-4668-BE54-9A1E7A4F7556}") = "AuthServer.Common", "AuthServer.Common\AuthServer.Common.csproj", "{69459BEC-2D29-47A1-B848-44519C338C18}"
EndProject
Project("{9A19103F-16F7-4668-BE54-9A1E7A4F7556}") = "WebApp.Resourse.DatabaseAccess", "WebApp.Resourse.DatabaseAccess\WebApp.Resourse.DatabaseAccess.csproj", "{134215EC-D9E3-4716-AB2C-2A06A98DE285}"
EndProject
Global
	GlobalSection(SolutionConfigurationPlatforms) = preSolution
		Debug|Any CPU = Debug|Any CPU
		Release|Any CPU = Release|Any CPU
	EndGlobalSection
	GlobalSection(ProjectConfigurationPlatforms) = postSolution
		{69FA7678-05DA-428C-951E-A2526012F81D}.Debug|Any CPU.ActiveCfg = Debug|Any CPU
		{69FA7678-05DA-428C-951E-A2526012F81D}.Debug|Any CPU.Build.0 = Debug|Any CPU
		{69FA7678-05DA-428C-951E-A2526012F81D}.Release|Any CPU.ActiveCfg = Release|Any CPU
		{69FA7678-05DA-428C-951E-A2526012F81D}.Release|Any CPU.Build.0 = Release|Any CPU
		{2C20ED6D-C4DB-48BA-9FA4-043027485BCB}.Debug|Any CPU.ActiveCfg = Debug|Any CPU
		{2C20ED6D-C4DB-48BA-9FA4-043027485BCB}.Debug|Any CPU.Build.0 = Debug|Any CPU
		{2C20ED6D-C4DB-48BA-9FA4-043027485BCB}.Release|Any CPU.ActiveCfg = Release|Any CPU
		{2C20ED6D-C4DB-48BA-9FA4-043027485BCB}.Release|Any CPU.Build.0 = Release|Any CPU
		{69459BEC-2D29-47A1-B848-44519C338C18}.Debug|Any CPU.ActiveCfg = Debug|Any CPU
		{69459BEC-2D29-47A1-B848-44519C338C18}.Debug|Any CPU.Build.0 = Debug|Any CPU
		{69459BEC-2D29-47A1-B848-44519C338C18}.Release|Any CPU.ActiveCfg = Release|Any CPU
		{69459BEC-2D29-47A1-B848-44519C338C18}.Release|Any CPU.Build.0 = Release|Any CPU
		{134215EC-D9E3-4716-AB2C-2A06A98DE285}.Debug|Any CPU.ActiveCfg = Debug|Any CPU
		{134215EC-D9E3-4716-AB2C-2A06A98DE285}.Debug|Any CPU.Build.0 = Debug|Any CPU
		{134215EC-D9E3-4716-AB2C-2A06A98DE285}.Release|Any CPU.ActiveCfg = Release|Any CPU
		{134215EC-D9E3-4716-AB2C-2A06A98DE285}.Release|Any CPU.Build.0 = Release|Any CPU
	EndGlobalSection
	GlobalSection(SolutionProperties) = preSolution
		HideSolutionNode = FALSE
	EndGlobalSection
	GlobalSection(ExtensibilityGlobals) = postSolution
		SolutionGuid = {3176C3C2-C4C0-43FC-AAC9-617782E4A04D}
	EndGlobalSection
EndGlobal
